
Microsoft Visual Studio Solution File, Format Version 12.00
# Visual Studio Version 16
VisualStudioVersion = 16.0.30804.86
MinimumVisualStudioVersion = 15.0.26124.0
Project("{2150E333-8FDC-42A3-9474-1A3956D46DE8}") = "Application", "Application", "{5BF90120-2F1B-4A38-B0F7-C804460122EE}"
EndProject
Project("{2150E333-8FDC-42A3-9474-1A3956D46DE8}") = "Common", "Common", "{B227B9EE-C67D-4EF2-B51B-9F1CE6C7BCEB}"
EndProject
Project("{2150E333-8FDC-42A3-9474-1A3956D46DE8}") = "Domain", "Domain", "{15736D8D-560C-443B-8391-87AAEADCE906}"
EndProject
Project("{2150E333-8FDC-42A3-9474-1A3956D46DE8}") = "Infrastructure", "Infrastructure", "{008792B6-8CC7-4836-A07C-2E9C7990B8A6}"
EndProject
Project("{2150E333-8FDC-42A3-9474-1A3956D46DE8}") = "Persistence", "Persistence", "{5BF3A3F6-9405-4DF9-901E-98EFEEFE4C7C}"
EndProject
Project("{2150E333-8FDC-42A3-9474-1A3956D46DE8}") = "Presentation", "Presentation", "{A8D195E0-24B2-4BF2-956A-00ECC0C1FEEC}"
EndProject
Project("{2150E333-8FDC-42A3-9474-1A3956D46DE8}") = "Tests", "Tests", "{E44D07AC-A085-4890-9E06-FE2AD948DD55}"
EndProject
Project("{2150E333-8FDC-42A3-9474-1A3956D46DE8}") = "Presentation", "Presentation", "{1D567970-E6F4-43E5-9B47-71D96308662D}"
EndProject
Project("{2150E333-8FDC-42A3-9474-1A3956D46DE8}") = "Persistence", "Persistence", "{1A5E6BC3-C107-49BA-8404-51B1204AF8B6}"
EndProject
Project("{2150E333-8FDC-42A3-9474-1A3956D46DE8}") = "Infrastructure", "Infrastructure", "{AE7EFC4E-35B5-4807-8E5C-776681792D59}"
EndProject
Project("{2150E333-8FDC-42A3-9474-1A3956D46DE8}") = "Domain", "Domain", "{219A2A16-1234-4714-8D61-F351E66B4023}"
EndProject
Project("{2150E333-8FDC-42A3-9474-1A3956D46DE8}") = "Common", "Common", "{BA65B5FA-F9E9-4CC1-8066-F86D246D92A4}"
EndProject
Project("{2150E333-8FDC-42A3-9474-1A3956D46DE8}") = "Application", "Application", "{4FF87274-BE7B-4A1F-AFDC-7ABD437723FC}"
EndProject
Project("{9A19103F-16F7-4668-BE54-9A1E7A4F7556}") = "Office4U.Articles.Presentation.Controller", "..\Office4U.Articles.Presentation.Controller\Office4U.Articles.Presentation.Controller.csproj", "{015238AB-2C8E-4053-86DB-34A7E0CB1B8E}"
EndProject
Project("{9A19103F-16F7-4668-BE54-9A1E7A4F7556}") = "Office4U.Articles.Presentation.Controller.Tests", "..\Test Projects\Office4U.Articles.Presentation.Controller.Tests\Office4U.Articles.Presentation.Controller.Tests.csproj", "{5633CAFC-CD1B-45A5-8D4B-37991F6C87D6}"
EndProject
Project("{9A19103F-16F7-4668-BE54-9A1E7A4F7556}") = "Office4U.Articles.Data.Ef.SqlServer", "..\Office4U.Articles.Data.Ef.SqlServer\Office4U.Articles.Data.Ef.SqlServer.csproj", "{00973E76-42BF-4623-88F2-08A90592369C}"
EndProject
Project("{9A19103F-16F7-4668-BE54-9A1E7A4F7556}") = "Office4U.Articles.Domain.Model", "..\Office4U.Articles.Domain.Model\Office4U.Articles.Domain.Model.csproj", "{95D3ED44-0D36-4619-86E8-BC090E5BA778}"
EndProject
Project("{9A19103F-16F7-4668-BE54-9A1E7A4F7556}") = "Office4U.Articles.Common", "..\Office4U.Articles.Common\Office4U.Articles.Common.csproj", "{45988230-4AA2-44D5-B417-31E3EE69DDCD}"
EndProject
Project("{9A19103F-16F7-4668-BE54-9A1E7A4F7556}") = "Office4U.Articles.ReadApplication", "..\Office4U.Articles.ReadApplication\Office4U.Articles.ReadApplication.csproj", "{9E835DD0-7390-4DA2-A613-051FCCE369A4}"
EndProject
Project("{9A19103F-16F7-4668-BE54-9A1E7A4F7556}") = "Office4U.Articles.WriteApplication", "..\Office4U.Articles.WriteApplication\Office4U.Articles.WriteApplication.csproj", "{E3F0D4D1-D61F-4D80-BBA2-D3EEEA003AE7}"
EndProject
Project("{9A19103F-16F7-4668-BE54-9A1E7A4F7556}") = "Office4U.Articles.Application", "..\Office4U.Articles.Application\Office4U.Articles.Application.csproj", "{F4E1A82F-438E-401F-9254-A335078A7F78}"
EndProject
Global
	GlobalSection(SolutionConfigurationPlatforms) = preSolution
		Debug|Any CPU = Debug|Any CPU
		Debug|x64 = Debug|x64
		Debug|x86 = Debug|x86
		Release|Any CPU = Release|Any CPU
		Release|x64 = Release|x64
		Release|x86 = Release|x86
	EndGlobalSection
	GlobalSection(ProjectConfigurationPlatforms) = postSolution
		{015238AB-2C8E-4053-86DB-34A7E0CB1B8E}.Debug|Any CPU.ActiveCfg = Debug|Any CPU
		{015238AB-2C8E-4053-86DB-34A7E0CB1B8E}.Debug|Any CPU.Build.0 = Debug|Any CPU
		{015238AB-2C8E-4053-86DB-34A7E0CB1B8E}.Debug|x64.ActiveCfg = Debug|Any CPU
		{015238AB-2C8E-4053-86DB-34A7E0CB1B8E}.Debug|x64.Build.0 = Debug|Any CPU
		{015238AB-2C8E-4053-86DB-34A7E0CB1B8E}.Debug|x86.ActiveCfg = Debug|Any CPU
		{015238AB-2C8E-4053-86DB-34A7E0CB1B8E}.Debug|x86.Build.0 = Debug|Any CPU
		{015238AB-2C8E-4053-86DB-34A7E0CB1B8E}.Release|Any CPU.ActiveCfg = Release|Any CPU
		{015238AB-2C8E-4053-86DB-34A7E0CB1B8E}.Release|Any CPU.Build.0 = Release|Any CPU
		{015238AB-2C8E-4053-86DB-34A7E0CB1B8E}.Release|x64.ActiveCfg = Release|Any CPU
		{015238AB-2C8E-4053-86DB-34A7E0CB1B8E}.Release|x64.Build.0 = Release|Any CPU
		{015238AB-2C8E-4053-86DB-34A7E0CB1B8E}.Release|x86.ActiveCfg = Release|Any CPU
		{015238AB-2C8E-4053-86DB-34A7E0CB1B8E}.Release|x86.Build.0 = Release|Any CPU
		{5633CAFC-CD1B-45A5-8D4B-37991F6C87D6}.Debug|Any CPU.ActiveCfg = Debug|Any CPU
		{5633CAFC-CD1B-45A5-8D4B-37991F6C87D6}.Debug|Any CPU.Build.0 = Debug|Any CPU
		{5633CAFC-CD1B-45A5-8D4B-37991F6C87D6}.Debug|x64.ActiveCfg = Debug|Any CPU
		{5633CAFC-CD1B-45A5-8D4B-37991F6C87D6}.Debug|x64.Build.0 = Debug|Any CPU
		{5633CAFC-CD1B-45A5-8D4B-37991F6C87D6}.Debug|x86.ActiveCfg = Debug|Any CPU
		{5633CAFC-CD1B-45A5-8D4B-37991F6C87D6}.Debug|x86.Build.0 = Debug|Any CPU
		{5633CAFC-CD1B-45A5-8D4B-37991F6C87D6}.Release|Any CPU.ActiveCfg = Release|Any CPU
		{5633CAFC-CD1B-45A5-8D4B-37991F6C87D6}.Release|Any CPU.Build.0 = Release|Any CPU
		{5633CAFC-CD1B-45A5-8D4B-37991F6C87D6}.Release|x64.ActiveCfg = Release|Any CPU
		{5633CAFC-CD1B-45A5-8D4B-37991F6C87D6}.Release|x64.Build.0 = Release|Any CPU
		{5633CAFC-CD1B-45A5-8D4B-37991F6C87D6}.Release|x86.ActiveCfg = Release|Any CPU
		{5633CAFC-CD1B-45A5-8D4B-37991F6C87D6}.Release|x86.Build.0 = Release|Any CPU
		{00973E76-42BF-4623-88F2-08A90592369C}.Debug|Any CPU.ActiveCfg = Debug|Any CPU
		{00973E76-42BF-4623-88F2-08A90592369C}.Debug|Any CPU.Build.0 = Debug|Any CPU
		{00973E76-42BF-4623-88F2-08A90592369C}.Debug|x64.ActiveCfg = Debug|Any CPU
		{00973E76-42BF-4623-88F2-08A90592369C}.Debug|x64.Build.0 = Debug|Any CPU
		{00973E76-42BF-4623-88F2-08A90592369C}.Debug|x86.ActiveCfg = Debug|Any CPU
		{00973E76-42BF-4623-88F2-08A90592369C}.Debug|x86.Build.0 = Debug|Any CPU
		{00973E76-42BF-4623-88F2-08A90592369C}.Release|Any CPU.ActiveCfg = Release|Any CPU
		{00973E76-42BF-4623-88F2-08A90592369C}.Release|Any CPU.Build.0 = Release|Any CPU
		{00973E76-42BF-4623-88F2-08A90592369C}.Release|x64.ActiveCfg = Release|Any CPU
		{00973E76-42BF-4623-88F2-08A90592369C}.Release|x64.Build.0 = Release|Any CPU
		{00973E76-42BF-4623-88F2-08A90592369C}.Release|x86.ActiveCfg = Release|Any CPU
		{00973E76-42BF-4623-88F2-08A90592369C}.Release|x86.Build.0 = Release|Any CPU
		{95D3ED44-0D36-4619-86E8-BC090E5BA778}.Debug|Any CPU.ActiveCfg = Debug|Any CPU
		{95D3ED44-0D36-4619-86E8-BC090E5BA778}.Debug|Any CPU.Build.0 = Debug|Any CPU
		{95D3ED44-0D36-4619-86E8-BC090E5BA778}.Debug|x64.ActiveCfg = Debug|Any CPU
		{95D3ED44-0D36-4619-86E8-BC090E5BA778}.Debug|x64.Build.0 = Debug|Any CPU
		{95D3ED44-0D36-4619-86E8-BC090E5BA778}.Debug|x86.ActiveCfg = Debug|Any CPU
		{95D3ED44-0D36-4619-86E8-BC090E5BA778}.Debug|x86.Build.0 = Debug|Any CPU
		{95D3ED44-0D36-4619-86E8-BC090E5BA778}.Release|Any CPU.ActiveCfg = Release|Any CPU
		{95D3ED44-0D36-4619-86E8-BC090E5BA778}.Release|Any CPU.Build.0 = Release|Any CPU
		{95D3ED44-0D36-4619-86E8-BC090E5BA778}.Release|x64.ActiveCfg = Release|Any CPU
		{95D3ED44-0D36-4619-86E8-BC090E5BA778}.Release|x64.Build.0 = Release|Any CPU
		{95D3ED44-0D36-4619-86E8-BC090E5BA778}.Release|x86.ActiveCfg = Release|Any CPU
		{95D3ED44-0D36-4619-86E8-BC090E5BA778}.Release|x86.Build.0 = Release|Any CPU
		{45988230-4AA2-44D5-B417-31E3EE69DDCD}.Debug|Any CPU.ActiveCfg = Debug|Any CPU
		{45988230-4AA2-44D5-B417-31E3EE69DDCD}.Debug|Any CPU.Build.0 = Debug|Any CPU
		{45988230-4AA2-44D5-B417-31E3EE69DDCD}.Debug|x64.ActiveCfg = Debug|Any CPU
		{45988230-4AA2-44D5-B417-31E3EE69DDCD}.Debug|x64.Build.0 = Debug|Any CPU
		{45988230-4AA2-44D5-B417-31E3EE69DDCD}.Debug|x86.ActiveCfg = Debug|Any CPU
		{45988230-4AA2-44D5-B417-31E3EE69DDCD}.Debug|x86.Build.0 = Debug|Any CPU
		{45988230-4AA2-44D5-B417-31E3EE69DDCD}.Release|Any CPU.ActiveCfg = Release|Any CPU
		{45988230-4AA2-44D5-B417-31E3EE69DDCD}.Release|Any CPU.Build.0 = Release|Any CPU
		{45988230-4AA2-44D5-B417-31E3EE69DDCD}.Release|x64.ActiveCfg = Release|Any CPU
		{45988230-4AA2-44D5-B417-31E3EE69DDCD}.Release|x64.Build.0 = Release|Any CPU
		{45988230-4AA2-44D5-B417-31E3EE69DDCD}.Release|x86.ActiveCfg = Release|Any CPU
		{45988230-4AA2-44D5-B417-31E3EE69DDCD}.Release|x86.Build.0 = Release|Any CPU
		{9E835DD0-7390-4DA2-A613-051FCCE369A4}.Debug|Any CPU.ActiveCfg = Debug|Any CPU
		{9E835DD0-7390-4DA2-A613-051FCCE369A4}.Debug|Any CPU.Build.0 = Debug|Any CPU
		{9E835DD0-7390-4DA2-A613-051FCCE369A4}.Debug|x64.ActiveCfg = Debug|Any CPU
		{9E835DD0-7390-4DA2-A613-051FCCE369A4}.Debug|x64.Build.0 = Debug|Any CPU
		{9E835DD0-7390-4DA2-A613-051FCCE369A4}.Debug|x86.ActiveCfg = Debug|Any CPU
		{9E835DD0-7390-4DA2-A613-051FCCE369A4}.Debug|x86.Build.0 = Debug|Any CPU
		{9E835DD0-7390-4DA2-A613-051FCCE369A4}.Release|Any CPU.ActiveCfg = Release|Any CPU
		{9E835DD0-7390-4DA2-A613-051FCCE369A4}.Release|Any CPU.Build.0 = Release|Any CPU
		{9E835DD0-7390-4DA2-A613-051FCCE369A4}.Release|x64.ActiveCfg = Release|Any CPU
		{9E835DD0-7390-4DA2-A613-051FCCE369A4}.Release|x64.Build.0 = Release|Any CPU
		{9E835DD0-7390-4DA2-A613-051FCCE369A4}.Release|x86.ActiveCfg = Release|Any CPU
		{9E835DD0-7390-4DA2-A613-051FCCE369A4}.Release|x86.Build.0 = Release|Any CPU
		{E3F0D4D1-D61F-4D80-BBA2-D3EEEA003AE7}.Debug|Any CPU.ActiveCfg = Debug|Any CPU
		{E3F0D4D1-D61F-4D80-BBA2-D3EEEA003AE7}.Debug|Any CPU.Build.0 = Debug|Any CPU
		{E3F0D4D1-D61F-4D80-BBA2-D3EEEA003AE7}.Debug|x64.ActiveCfg = Debug|Any CPU
		{E3F0D4D1-D61F-4D80-BBA2-D3EEEA003AE7}.Debug|x64.Build.0 = Debug|Any CPU
		{E3F0D4D1-D61F-4D80-BBA2-D3EEEA003AE7}.Debug|x86.ActiveCfg = Debug|Any CPU
		{E3F0D4D1-D61F-4D80-BBA2-D3EEEA003AE7}.Debug|x86.Build.0 = Debug|Any CPU
		{E3F0D4D1-D61F-4D80-BBA2-D3EEEA003AE7}.Release|Any CPU.ActiveCfg = Release|Any CPU
		{E3F0D4D1-D61F-4D80-BBA2-D3EEEA003AE7}.Release|Any CPU.Build.0 = Release|Any CPU
		{E3F0D4D1-D61F-4D80-BBA2-D3EEEA003AE7}.Release|x64.ActiveCfg = Release|Any CPU
		{E3F0D4D1-D61F-4D80-BBA2-D3EEEA003AE7}.Release|x64.Build.0 = Release|Any CPU
		{E3F0D4D1-D61F-4D80-BBA2-D3EEEA003AE7}.Release|x86.ActiveCfg = Release|Any CPU
		{E3F0D4D1-D61F-4D80-BBA2-D3EEEA003AE7}.Release|x86.Build.0 = Release|Any CPU
		{F4E1A82F-438E-401F-9254-A335078A7F78}.Debug|Any CPU.ActiveCfg = Debug|Any CPU
		{F4E1A82F-438E-401F-9254-A335078A7F78}.Debug|Any CPU.Build.0 = Debug|Any CPU
		{F4E1A82F-438E-401F-9254-A335078A7F78}.Debug|x64.ActiveCfg = Debug|Any CPU
		{F4E1A82F-438E-401F-9254-A335078A7F78}.Debug|x64.Build.0 = Debug|Any CPU
		{F4E1A82F-438E-401F-9254-A335078A7F78}.Debug|x86.ActiveCfg = Debug|Any CPU
		{F4E1A82F-438E-401F-9254-A335078A7F78}.Debug|x86.Build.0 = Debug|Any CPU
		{F4E1A82F-438E-401F-9254-A335078A7F78}.Release|Any CPU.ActiveCfg = Release|Any CPU
		{F4E1A82F-438E-401F-9254-A335078A7F78}.Release|Any CPU.Build.0 = Release|Any CPU
		{F4E1A82F-438E-401F-9254-A335078A7F78}.Release|x64.ActiveCfg = Release|Any CPU
		{F4E1A82F-438E-401F-9254-A335078A7F78}.Release|x64.Build.0 = Release|Any CPU
		{F4E1A82F-438E-401F-9254-A335078A7F78}.Release|x86.ActiveCfg = Release|Any CPU
		{F4E1A82F-438E-401F-9254-A335078A7F78}.Release|x86.Build.0 = Release|Any CPU
	EndGlobalSection
	GlobalSection(SolutionProperties) = preSolution
		HideSolutionNode = FALSE
	EndGlobalSection
	GlobalSection(NestedProjects) = preSolution
		{1D567970-E6F4-43E5-9B47-71D96308662D} = {E44D07AC-A085-4890-9E06-FE2AD948DD55}
		{1A5E6BC3-C107-49BA-8404-51B1204AF8B6} = {E44D07AC-A085-4890-9E06-FE2AD948DD55}
		{AE7EFC4E-35B5-4807-8E5C-776681792D59} = {E44D07AC-A085-4890-9E06-FE2AD948DD55}
		{219A2A16-1234-4714-8D61-F351E66B4023} = {E44D07AC-A085-4890-9E06-FE2AD948DD55}
		{BA65B5FA-F9E9-4CC1-8066-F86D246D92A4} = {E44D07AC-A085-4890-9E06-FE2AD948DD55}
		{4FF87274-BE7B-4A1F-AFDC-7ABD437723FC} = {E44D07AC-A085-4890-9E06-FE2AD948DD55}
		{015238AB-2C8E-4053-86DB-34A7E0CB1B8E} = {A8D195E0-24B2-4BF2-956A-00ECC0C1FEEC}
		{5633CAFC-CD1B-45A5-8D4B-37991F6C87D6} = {1D567970-E6F4-43E5-9B47-71D96308662D}
		{00973E76-42BF-4623-88F2-08A90592369C} = {5BF3A3F6-9405-4DF9-901E-98EFEEFE4C7C}
		{95D3ED44-0D36-4619-86E8-BC090E5BA778} = {15736D8D-560C-443B-8391-87AAEADCE906}
		{45988230-4AA2-44D5-B417-31E3EE69DDCD} = {B227B9EE-C67D-4EF2-B51B-9F1CE6C7BCEB}
		{9E835DD0-7390-4DA2-A613-051FCCE369A4} = {5BF90120-2F1B-4A38-B0F7-C804460122EE}
		{E3F0D4D1-D61F-4D80-BBA2-D3EEEA003AE7} = {5BF90120-2F1B-4A38-B0F7-C804460122EE}
		{F4E1A82F-438E-401F-9254-A335078A7F78} = {5BF90120-2F1B-4A38-B0F7-C804460122EE}
	EndGlobalSection
	GlobalSection(ExtensibilityGlobals) = postSolution
		SolutionGuid = {E83F2F4F-2956-4A8A-9989-88C0814AC54E}
	EndGlobalSection
EndGlobal
